// !$*UTF8*$!
{
	archiveVersion = 1;
	classes = {
	};
	objectVersion = 55;
	objects = {

/* Begin PBXBuildFile section */
		AAB6DAAD277C9B5F000CB0B9 /* AppDelegate.swift in Sources */ = {isa = PBXBuildFile; fileRef = AAB6DAAC277C9B5F000CB0B9 /* AppDelegate.swift */; };
		AAB6DAAF277C9B5F000CB0B9 /* SceneDelegate.swift in Sources */ = {isa = PBXBuildFile; fileRef = AAB6DAAE277C9B5F000CB0B9 /* SceneDelegate.swift */; };
		AAB6DAB1277C9B5F000CB0B9 /* ViewController.swift in Sources */ = {isa = PBXBuildFile; fileRef = AAB6DAB0277C9B5F000CB0B9 /* ViewController.swift */; };
		AAB6DAB4277C9B5F000CB0B9 /* Main.storyboard in Resources */ = {isa = PBXBuildFile; fileRef = AAB6DAB2277C9B5F000CB0B9 /* Main.storyboard */; };
		AAB6DAB6277C9B60000CB0B9 /* Assets.xcassets in Resources */ = {isa = PBXBuildFile; fileRef = AAB6DAB5277C9B60000CB0B9 /* Assets.xcassets */; };
		AAB6DAB9277C9B60000CB0B9 /* LaunchScreen.storyboard in Resources */ = {isa = PBXBuildFile; fileRef = AAB6DAB7277C9B60000CB0B9 /* LaunchScreen.storyboard */; };
		AAB6DAC2277C9CD0000CB0B9 /* song3.mp3 in Resources */ = {isa = PBXBuildFile; fileRef = AAB6DAC1277C9CD0000CB0B9 /* song3.mp3 */; };
		AAB6DACA277C9EDB000CB0B9 /* song2.mp3 in Resources */ = {isa = PBXBuildFile; fileRef = AAB6DAC9277C9EDB000CB0B9 /* song2.mp3 */; };
		AAB6DACC277C9EE5000CB0B9 /* song1.mp3 in Resources */ = {isa = PBXBuildFile; fileRef = AAB6DACB277C9EE5000CB0B9 /* song1.mp3 */; };
		AAB6DACE277CA943000CB0B9 /* PlayerViewController.swift in Sources */ = {isa = PBXBuildFile; fileRef = AAB6DACD277CA943000CB0B9 /* PlayerViewController.swift */; };
/* End PBXBuildFile section */

/* Begin PBXFileReference section */
		AAB6DAA9277C9B5F000CB0B9 /* Simpy.app */ = {isa = PBXFileReference; explicitFileType = wrapper.application; includeInIndex = 0; path = Simpy.app; sourceTree = BUILT_PRODUCTS_DIR; };
		AAB6DAAC277C9B5F000CB0B9 /* AppDelegate.swift */ = {isa = PBXFileReference; lastKnownFileType = sourcecode.swift; path = AppDelegate.swift; sourceTree = "<group>"; };
		AAB6DAAE277C9B5F000CB0B9 /* SceneDelegate.swift */ = {isa = PBXFileReference; lastKnownFileType = sourcecode.swift; path = SceneDelegate.swift; sourceTree = "<group>"; };
		AAB6DAB0277C9B5F000CB0B9 /* ViewController.swift */ = {isa = PBXFileReference; lastKnownFileType = sourcecode.swift; path = ViewController.swift; sourceTree = "<group>"; };
		AAB6DAB3277C9B5F000CB0B9 /* Base */ = {isa = PBXFileReference; lastKnownFileType = file.storyboard; name = Base; path = Base.lproj/Main.storyboard; sourceTree = "<group>"; };
		AAB6DAB5277C9B60000CB0B9 /* Assets.xcassets */ = {isa = PBXFileReference; lastKnownFileType = folder.assetcatalog; path = Assets.xcassets; sourceTree = "<group>"; };
		AAB6DAB8277C9B60000CB0B9 /* Base */ = {isa = PBXFileReference; lastKnownFileType = file.storyboard; name = Base; path = Base.lproj/LaunchScreen.storyboard; sourceTree = "<group>"; };
		AAB6DABA277C9B60000CB0B9 /* Info.plist */ = {isa = PBXFileReference; lastKnownFileType = text.plist.xml; path = Info.plist; sourceTree = "<group>"; };
		AAB6DAC1277C9CD0000CB0B9 /* song3.mp3 */ = {isa = PBXFileReference; lastKnownFileType = audio.mp3; path = song3.mp3; sourceTree = "<group>"; };
		AAB6DAC9277C9EDB000CB0B9 /* song2.mp3 */ = {isa = PBXFileReference; lastKnownFileType = audio.mp3; path = song2.mp3; sourceTree = "<group>"; };
		AAB6DACB277C9EE5000CB0B9 /* song1.mp3 */ = {isa = PBXFileReference; lastKnownFileType = audio.mp3; path = song1.mp3; sourceTree = "<group>"; };
		AAB6DACD277CA943000CB0B9 /* PlayerViewController.swift */ = {isa = PBXFileReference; lastKnownFileType = sourcecode.swift; path = PlayerViewController.swift; sourceTree = "<group>"; };
/* End PBXFileReference section */

/* Begin PBXFrameworksBuildPhase section */
		AAB6DAA6277C9B5F000CB0B9 /* Frameworks */ = {
			isa = PBXFrameworksBuildPhase;
			buildActionMask = 2147483647;
			files = (
			);
			runOnlyForDeploymentPostprocessing = 0;
		};
/* End PBXFrameworksBuildPhase section */

/* Begin PBXGroup section */
		AAB6DAA0277C9B5F000CB0B9 = {
			isa = PBXGroup;
			children = (
				AAB6DAAB277C9B5F000CB0B9 /* Simpy */,
				AAB6DAAA277C9B5F000CB0B9 /* Products */,
			);
			sourceTree = "<group>";
		};
		AAB6DAAA277C9B5F000CB0B9 /* Products */ = {
			isa = PBXGroup;
			children = (
				AAB6DAA9277C9B5F000CB0B9 /* Simpy.app */,
			);
			name = Products;
			sourceTree = "<group>";
		};
		AAB6DAAB277C9B5F000CB0B9 /* Simpy */ = {
			isa = PBXGroup;
			children = (
				AAB6DAC9277C9EDB000CB0B9 /* song2.mp3 */,
				AAB6DACB277C9EE5000CB0B9 /* song1.mp3 */,
				AAB6DAC1277C9CD0000CB0B9 /* song3.mp3 */,
				AAB6DAAC277C9B5F000CB0B9 /* AppDelegate.swift */,
				AAB6DAAE277C9B5F000CB0B9 /* SceneDelegate.swift */,
				AAB6DAB0277C9B5F000CB0B9 /* ViewController.swift */,
				AAB6DAB2277C9B5F000CB0B9 /* Main.storyboard */,
				AAB6DAB5277C9B60000CB0B9 /* Assets.xcassets */,
				AAB6DAB7277C9B60000CB0B9 /* LaunchScreen.storyboard */,
				AAB6DABA277C9B60000CB0B9 /* Info.plist */,
				AAB6DACD277CA943000CB0B9 /* PlayerViewController.swift */,
			);
			path = Simpy;
			sourceTree = "<group>";
		};
/* End PBXGroup section */

/* Begin PBXNativeTarget section */
		AAB6DAA8277C9B5F000CB0B9 /* Simpy */ = {
			isa = PBXNativeTarget;
			buildConfigurationList = AAB6DABD277C9B60000CB0B9 /* Build configuration list for PBXNativeTarget "Simpy" */;
			buildPhases = (
				AAB6DAA5277C9B5F000CB0B9 /* Sources */,
				AAB6DAA6277C9B5F000CB0B9 /* Frameworks */,
				AAB6DAA7277C9B5F000CB0B9 /* Resources */,
			);
			buildRules = (
			);
			dependencies = (
			);
			name = Simpy;
			productName = Simpy;
			productReference = AAB6DAA9277C9B5F000CB0B9 /* Simpy.app */;
			productType = "com.apple.product-type.application";
		};
/* End PBXNativeTarget section */

/* Begin PBXProject section */
		AAB6DAA1277C9B5F000CB0B9 /* Project object */ = {
			isa = PBXProject;
			attributes = {
				BuildIndependentTargetsInParallel = 1;
				LastSwiftUpdateCheck = 1310;
				LastUpgradeCheck = 1310;
				TargetAttributes = {
					AAB6DAA8277C9B5F000CB0B9 = {
						CreatedOnToolsVersion = 13.1;
					};
				};
			};
			buildConfigurationList = AAB6DAA4277C9B5F000CB0B9 /* Build configuration list for PBXProject "Simpy" */;
			compatibilityVersion = "Xcode 13.0";
			developmentRegion = en;
			hasScannedForEncodings = 0;
			knownRegions = (
				en,
				Base,
			);
			mainGroup = AAB6DAA0277C9B5F000CB0B9;
			productRefGroup = AAB6DAAA277C9B5F000CB0B9 /* Products */;
			projectDirPath = "";
			projectRoot = "";
			targets = (
				AAB6DAA8277C9B5F000CB0B9 /* Simpy */,
			);
		};
/* End PBXProject section */

/* Begin PBXResourcesBuildPhase section */
		AAB6DAA7277C9B5F000CB0B9 /* Resources */ = {
			isa = PBXResourcesBuildPhase;
			buildActionMask = 2147483647;
			files = (
				AAB6DACC277C9EE5000CB0B9 /* song1.mp3 in Resources */,
				AAB6DAC2277C9CD0000CB0B9 /* song3.mp3 in Resources */,
				AAB6DAB9277C9B60000CB0B9 /* LaunchScreen.storyboard in Resources */,
				AAB6DAB6277C9B60000CB0B9 /* Assets.xcassets in Resources */,
				AAB6DAB4277C9B5F000CB0B9 /* Main.storyboard in Resources */,
				AAB6DACA277C9EDB000CB0B9 /* song2.mp3 in Resources */,
			);
			runOnlyForDeploymentPostprocessing = 0;
		};
/* End PBXResourcesBuildPhase section */

/* Begin PBXSourcesBuildPhase section */
		AAB6DAA5277C9B5F000CB0B9 /* Sources */ = {
			isa = PBXSourcesBuildPhase;
			buildActionMask = 2147483647;
			files = (
				AAB6DAB1277C9B5F000CB0B9 /* ViewController.swift in Sources */,
				AAB6DACE277CA943000CB0B9 /* PlayerViewController.swift in Sources */,
				AAB6DAAD277C9B5F000CB0B9 /* AppDelegate.swift in Sources */,
				AAB6DAAF277C9B5F000CB0B9 /* SceneDelegate.swift in Sources */,
			);
			runOnlyForDeploymentPostprocessing = 0;
		};
/* End PBXSourcesBuildPhase section */

/* Begin PBXVariantGroup section */
		AAB6DAB2277C9B5F000CB0B9 /* Main.storyboard */ = {
			isa = PBXVariantGroup;
			children = (
				AAB6DAB3277C9B5F000CB0B9 /* Base */,
			);
			name = Main.storyboard;
			sourceTree = "<group>";
		};
		AAB6DAB7277C9B60000CB0B9 /* LaunchScreen.storyboard */ = {
			isa = PBXVariantGroup;
			children = (
				AAB6DAB8277C9B60000CB0B9 /* Base */,
			);
			name = LaunchScreen.storyboard;
			sourceTree = "<group>";
		};
/* End PBXVariantGroup section */

/* Begin XCBuildConfiguration section */
		AAB6DABB277C9B60000CB0B9 /* Debug */ = {
			isa = XCBuildConfiguration;
			buildSettings = {
				ALWAYS_SEARCH_USER_PATHS = NO;
				CLANG_ANALYZER_NONNULL = YES;
				CLANG_ANALYZER_NUMBER_OBJECT_CONVERSION = YES_AGGRESSIVE;
				CLANG_CXX_LANGUAGE_STANDARD = "gnu++17";
				CLANG_CXX_LIBRARY = "libc++";
				CLANG_ENABLE_MODULES = YES;
				CLANG_ENABLE_OBJC_ARC = YES;
				CLANG_ENABLE_OBJC_WEAK = YES;
				CLANG_WARN_BLOCK_CAPTURE_AUTORELEASING = YES;
				CLANG_WARN_BOOL_CONVERSION = YES;
				CLANG_WARN_COMMA = YES;
				CLANG_WARN_CONSTANT_CONVERSION = YES;
				CLANG_WARN_DEPRECATED_OBJC_IMPLEMENTATIONS = YES;
				CLANG_WARN_DIRECT_OBJC_ISA_USAGE = YES_ERROR;
				CLANG_WARN_DOCUMENTATION_COMMENTS = YES;
				CLANG_WARN_EMPTY_BODY = YES;
				CLANG_WARN_ENUM_CONVERSION = YES;
				CLANG_WARN_INFINITE_RECURSION = YES;
				CLANG_WARN_INT_CONVERSION = YES;
				CLANG_WARN_NON_LITERAL_NULL_CONVERSION = YES;
				CLANG_WARN_OBJC_IMPLICIT_RETAIN_SELF = YES;
				CLANG_WARN_OBJC_LITERAL_CONVERSION = YES;
				CLANG_WARN_OBJC_ROOT_CLASS = YES_ERROR;
				CLANG_WARN_QUOTED_INCLUDE_IN_FRAMEWORK_HEADER = YES;
				CLANG_WARN_RANGE_LOOP_ANALYSIS = YES;
				CLANG_WARN_STRICT_PROTOTYPES = YES;
				CLANG_WARN_SUSPICIOUS_MOVE = YES;
				CLANG_WARN_UNGUARDED_AVAILABILITY = YES_AGGRESSIVE;
				CLANG_WARN_UNREACHABLE_CODE = YES;
				CLANG_WARN__DUPLICATE_METHOD_MATCH = YES;
				COPY_PHASE_STRIP = NO;
				DEBUG_INFORMATION_FORMAT = dwarf;
				ENABLE_STRICT_OBJC_MSGSEND = YES;
				ENABLE_TESTABILITY = YES;
				GCC_C_LANGUAGE_STANDARD = gnu11;
				GCC_DYNAMIC_NO_PIC = NO;
				GCC_NO_COMMON_BLOCKS = YES;
				GCC_OPTIMIZATION_LEVEL = 0;
				GCC_PREPROCESSOR_DEFINITIONS = (
					"DEBUG=1",
					"$(inherited)",
				);
				GCC_WARN_64_TO_32_BIT_CONVERSION = YES;
				GCC_WARN_ABOUT_RETURN_TYPE = YES_ERROR;
				GCC_WARN_UNDECLARED_SELECTOR = YES;
				GCC_WARN_UNINITIALIZED_AUTOS = YES_AGGRESSIVE;
				GCC_WARN_UNUSED_FUNCTION = YES;
				GCC_WARN_UNUSED_VARIABLE = YES;
				IPHONEOS_DEPLOYMENT_TARGET = 15.0;
				MTL_ENABLE_DEBUG_INFO = INCLUDE_SOURCE;
				MTL_FAST_MATH = YES;
				ONLY_ACTIVE_ARCH = YES;
				SDKROOT = iphoneos;
				SWIFT_ACTIVE_COMPILATION_CONDITIONS = DEBUG;
				SWIFT_OPTIMIZATION_LEVEL = "-Onone";
			};
			name = Debug;
		};
		AAB6DABC277C9B60000CB0B9 /* Release */ = {
			isa = XCBuildConfiguration;
			buildSettings = {
				ALWAYS_SEARCH_USER_PATHS = NO;
				CLANG_ANALYZER_NONNULL = YES;
				CLANG_ANALYZER_NUMBER_OBJECT_CONVERSION = YES_AGGRESSIVE;
				CLANG_CXX_LANGUAGE_STANDARD = "gnu++17";
				CLANG_CXX_LIBRARY = "libc++";
				CLANG_ENABLE_MODULES = YES;
				CLANG_ENABLE_OBJC_ARC = YES;
				CLANG_ENABLE_OBJC_WEAK = YES;
				CLANG_WARN_BLOCK_CAPTURE_AUTORELEASING = YES;
				CLANG_WARN_BOOL_CONVERSION = YES;
				CLANG_WARN_COMMA = YES;
				CLANG_WARN_CONSTANT_CONVERSION = YES;
				CLANG_WARN_DEPRECATED_OBJC_IMPLEMENTATIONS = YES;
				CLANG_WARN_DIRECT_OBJC_ISA_USAGE = YES_ERROR;
				CLANG_WARN_DOCUMENTATION_COMMENTS = YES;
				CLANG_WARN_EMPTY_BODY = YES;
				CLANG_WARN_ENUM_CONVERSION = YES;
				CLANG_WARN_INFINITE_RECURSION = YES;
				CLANG_WARN_INT_CONVERSION = YES;
				CLANG_WARN_NON_LITERAL_NULL_CONVERSION = YES;
				CLANG_WARN_OBJC_IMPLICIT_RETAIN_SELF = YES;
				CLANG_WARN_OBJC_LITERAL_CONVERSION = YES;
				CLANG_WARN_OBJC_ROOT_CLASS = YES_ERROR;
				CLANG_WARN_QUOTED_INCLUDE_IN_FRAMEWORK_HEADER = YES;
				CLANG_WARN_RANGE_LOOP_ANALYSIS = YES;
				CLANG_WARN_STRICT_PROTOTYPES = YES;
				CLANG_WARN_SUSPICIOUS_MOVE = YES;
				CLANG_WARN_UNGUARDED_AVAILABILITY = YES_AGGRESSIVE;
				CLANG_WARN_UNREACHABLE_CODE = YES;
				CLANG_WARN__DUPLICATE_METHOD_MATCH = YES;
				COPY_PHASE_STRIP = NO;
				DEBUG_INFORMATION_FORMAT = "dwarf-with-dsym";
				ENABLE_NS_ASSERTIONS = NO;
				ENABLE_STRICT_OBJC_MSGSEND = YES;
				GCC_C_LANGUAGE_STANDARD = gnu11;
				GCC_NO_COMMON_BLOCKS = YES;
				GCC_WARN_64_TO_32_BIT_CONVERSION = YES;
				GCC_WARN_ABOUT_RETURN_TYPE = YES_ERROR;
				GCC_WARN_UNDECLARED_SELECTOR = YES;
				GCC_WARN_UNINITIALIZED_AUTOS = YES_AGGRESSIVE;
				GCC_WARN_UNUSED_FUNCTION = YES;
				GCC_WARN_UNUSED_VARIABLE = YES;
				IPHONEOS_DEPLOYMENT_TARGET = 15.0;
				MTL_ENABLE_DEBUG_INFO = NO;
				MTL_FAST_MATH = YES;
				SDKROOT = iphoneos;
				SWIFT_COMPILATION_MODE = wholemodule;
				SWIFT_OPTIMIZATION_LEVEL = "-O";
				VALIDATE_PRODUCT = YES;
			};
			name = Release;
		};
		AAB6DABE277C9B60000CB0B9 /* Debug */ = {
			isa = XCBuildConfiguration;
			buildSettings = {
				ASSETCATALOG_COMPILER_APPICON_NAME = AppIcon;
				ASSETCATALOG_COMPILER_GLOBAL_ACCENT_COLOR_NAME = AccentColor;
				CODE_SIGN_STYLE = Automatic;
				CURRENT_PROJECT_VERSION = 1;
				GENERATE_INFOPLIST_FILE = YES;
				INFOPLIST_FILE = Simpy/Info.plist;
				INFOPLIST_KEY_UIApplicationSupportsIndirectInputEvents = YES;
				INFOPLIST_KEY_UILaunchStoryboardName = LaunchScreen;
				INFOPLIST_KEY_UIMainStoryboardFile = Main;
				INFOPLIST_KEY_UISupportedInterfaceOrientations = UIInterfaceOrientationPortrait;
				INFOPLIST_KEY_UISupportedInterfaceOrientations_iPad = "UIInterfaceOrientationPortrait UIInterfaceOrientationPortraitUpsideDown UIInterfaceOrientationLandscapeLeft UIInterfaceOrientationLandscapeRight";
				INFOPLIST_KEY_UISupportedInterfaceOrientations_iPhone = "UIInterfaceOrientationPortrait UIInterfaceOrientationLandscapeLeft UIInterfaceOrientationLandscapeRight";
				LD_RUNPATH_SEARCH_PATHS = (
					"$(inherited)",
					"@executable_path/Frameworks",
				);
				MARKETING_VERSION = 1.0;
				PRODUCT_BUNDLE_IDENTIFIER = YourBus.Simpy;
				PRODUCT_NAME = "$(TARGET_NAME)";
				SWIFT_EMIT_LOC_STRINGS = YES;
				SWIFT_VERSION = 5.0;
				TARGETED_DEVICE_FAMILY = "1,2";
			};
			name = Debug;
		};
		AAB6DABF277C9B60000CB0B9 /* Release */ = {
			isa = XCBuildConfiguration;
			buildSettings = {
				ASSETCATALOG_COMPILER_APPICON_NAME = AppIcon;
				ASSETCATALOG_COMPILER_GLOBAL_ACCENT_COLOR_NAME = AccentColor;
				CODE_SIGN_STYLE = Automatic;
				CURRENT_PROJECT_VERSION = 1;
				GENERATE_INFOPLIST_FILE = YES;
				INFOPLIST_FILE = Simpy/Info.plist;
				INFOPLIST_KEY_UIApplicationSupportsIndirectInputEvents = YES;
				INFOPLIST_KEY_UILaunchStoryboardName = LaunchScreen;
				INFOPLIST_KEY_UIMainStoryboardFile = Main;
				INFOPLIST_KEY_UISupportedInterfaceOrientations = UIInterfaceOrientationPortrait;
				INFOPLIST_KEY_UISupportedInterfaceOrientations_iPad = "UIInterfaceOrientationPortrait UIInterfaceOrientationPortraitUpsideDown UIInterfaceOrientationLandscapeLeft UIInterfaceOrientationLandscapeRight";
				INFOPLIST_KEY_UISupportedInterfaceOrientations_iPhone = "UIInterfaceOrientationPortrait UIInterfaceOrientationLandscapeLeft UIInterfaceOrientationLandscapeRight";
				LD_RUNPATH_SEARCH_PATHS = (
					"$(inherited)",
					"@executable_path/Frameworks",
				);
				MARKETING_VERSION = 1.0;
				PRODUCT_BUNDLE_IDENTIFIER = YourBus.Simpy;
				PRODUCT_NAME = "$(TARGET_NAME)";
				SWIFT_EMIT_LOC_STRINGS = YES;
				SWIFT_VERSION = 5.0;
				TARGETED_DEVICE_FAMILY = "1,2";
			};
			name = Release;
		};
/* End XCBuildConfiguration section */

/* Begin XCConfigurationList section */
		AAB6DAA4277C9B5F000CB0B9 /* Build configuration list for PBXProject "Simpy" */ = {
			isa = XCConfigurationList;
			buildConfigurations = (
				AAB6DABB277C9B60000CB0B9 /* Debug */,
				AAB6DABC277C9B60000CB0B9 /* Release */,
			);
			defaultConfigurationIsVisible = 0;
			defaultConfigurationName = Release;
		};
		AAB6DABD277C9B60000CB0B9 /* Build configuration list for PBXNativeTarget "Simpy" */ = {
			isa = XCConfigurationList;
			buildConfigurations = (
				AAB6DABE277C9B60000CB0B9 /* Debug */,
				AAB6DABF277C9B60000CB0B9 /* Release */,
			);
			defaultConfigurationIsVisible = 0;
			defaultConfigurationName = Release;
		};
/* End XCConfigurationList section */
	};
	rootObject = AAB6DAA1277C9B5F000CB0B9 /* Project object */;
}
